
Microsoft Visual Studio Solution File, Format Version 12.00
# Visual Studio 15
VisualStudioVersion = 15.0.26403.7
MinimumVisualStudioVersion = 10.0.40219.1
Project("{FAE04EC0-301F-11D3-BF4B-00C04F79EFBC}") = "CheckoutKata", "CheckoutKata\CheckoutKata.csproj", "{21BD75EF-B884-4805-B904-75B635FDDC90}"
EndProject
Project("{FAE04EC0-301F-11D3-BF4B-00C04F79EFBC}") = "CheckoutKataTests", "CheckoutKataTests\CheckoutKataTests.csproj", "{AF1E8327-A440-4F29-B727-5F1F0B4BBDBC}"
EndProject
Global
	GlobalSection(SolutionConfigurationPlatforms) = preSolution
		Debug|Any CPU = Debug|Any CPU
		Release|Any CPU = Release|Any CPU
	EndGlobalSection
	GlobalSection(ProjectConfigurationPlatforms) = postSolution
		{21BD75EF-B884-4805-B904-75B635FDDC90}.Debug|Any CPU.ActiveCfg = Debug|Any CPU
		{21BD75EF-B884-4805-B904-75B635FDDC90}.Debug|Any CPU.Build.0 = Debug|Any CPU
		{21BD75EF-B884-4805-B904-75B635FDDC90}.Release|Any CPU.ActiveCfg = Release|Any CPU
		{21BD75EF-B884-4805-B904-75B635FDDC90}.Release|Any CPU.Build.0 = Release|Any CPU
		{AF1E8327-A440-4F29-B727-5F1F0B4BBDBC}.Debug|Any CPU.ActiveCfg = Debug|Any CPU
		{AF1E8327-A440-4F29-B727-5F1F0B4BBDBC}.Debug|Any CPU.Build.0 = Debug|Any CPU
		{AF1E8327-A440-4F29-B727-5F1F0B4BBDBC}.Release|Any CPU.ActiveCfg = Release|Any CPU
		{AF1E8327-A440-4F29-B727-5F1F0B4BBDBC}.Release|Any CPU.Build.0 = Release|Any CPU
	EndGlobalSection
	GlobalSection(SolutionProperties) = preSolution
		HideSolutionNode = FALSE
	EndGlobalSection
EndGlobal
